
Microsoft Visual Studio Solution File, Format Version 12.00
# Visual Studio 14
VisualStudioVersion = 14.0.25420.1
MinimumVisualStudioVersion = 10.0.40219.1
Project("{2150E333-8FDC-42A3-9474-1A3956D46DE8}") = "src", "src", "{C80E2BC2-33E5-4DDC-97E4-706A5D013555}"
EndProject
Project("{2150E333-8FDC-42A3-9474-1A3956D46DE8}") = "Solution Items", "Solution Items", "{1293B59C-B82D-4FF5-BAF1-19F82AB05E80}"
	ProjectSection(SolutionItems) = preProject
		global.json = global.json
	EndProjectSection
EndProject
Project("{8BB2217D-0F2D-49D1-97BC-3654ED321F3B}") = "WebApplication1", "src\WebApplication1\WebApplication1.xproj", "{F3FD5A05-9C2E-4D06-92C3-D9611C32F2DB}"
EndProject
Global
	GlobalSection(SolutionConfigurationPlatforms) = preSolution
		Debug|Any CPU = Debug|Any CPU
		Release|Any CPU = Release|Any CPU
	EndGlobalSection
	GlobalSection(ProjectConfigurationPlatforms) = postSolution
		{F3FD5A05-9C2E-4D06-92C3-D9611C32F2DB}.Debug|Any CPU.ActiveCfg = Debug|Any CPU
		{F3FD5A05-9C2E-4D06-92C3-D9611C32F2DB}.Debug|Any CPU.Build.0 = Debug|Any CPU
		{F3FD5A05-9C2E-4D06-92C3-D9611C32F2DB}.Release|Any CPU.ActiveCfg = Release|Any CPU
		{F3FD5A05-9C2E-4D06-92C3-D9611C32F2DB}.Release|Any CPU.Build.0 = Release|Any CPU
	EndGlobalSection
	GlobalSection(SolutionProperties) = preSolution
		HideSolutionNode = FALSE
	EndGlobalSection
	GlobalSection(NestedProjects) = preSolution
		{F3FD5A05-9C2E-4D06-92C3-D9611C32F2DB} = {C80E2BC2-33E5-4DDC-97E4-706A5D013555}
	EndGlobalSection
EndGlobal
