
Microsoft Visual Studio Solution File, Format Version 12.00
# Visual Studio 14
VisualStudioVersion = 14.0.25420.1
MinimumVisualStudioVersion = 10.0.40219.1
Project("{33AD0EE8-D99B-4E14-8CD9-3F56ABEF97A2}") = "ChickenSoftware.TwitterAnalyzer", "ChickenSoftware.TwitterAnalyzer\ChickenSoftware.TwitterAnalyzer.funproj", "{4FB94BC0-646F-4E97-BAAE-C8710B3C7B0C}"
EndProject
Project("{F2A71F9B-5D33-465A-A702-920D77279786}") = "TwitterPoC", "TwitterPoC\TwitterPoC.fsproj", "{BBDB1737-D701-4A15-B33F-2BF50B2CC404}"
EndProject
Project("{888888A0-9F3D-457C-B088-3A5042F75D52}") = "NLPPoC", "NLPPoC\NLPPoC.pyproj", "{44E7CFA2-BD13-4E58-B394-BA581A9FED84}"
EndProject
Project("{9092AA53-FB77-4645-B42D-1CCCA6BD08BD}") = "ControllerPoC", "ControllerPoC\ControllerPoC.njsproj", "{7633CBF7-3831-4446-A394-53B03ABCA8CD}"
EndProject
Global
	GlobalSection(SolutionConfigurationPlatforms) = preSolution
		Debug|Any CPU = Debug|Any CPU
		Debug|ARM = Debug|ARM
		Debug|x64 = Debug|x64
		Debug|x86 = Debug|x86
		Release|Any CPU = Release|Any CPU
		Release|ARM = Release|ARM
		Release|x64 = Release|x64
		Release|x86 = Release|x86
	EndGlobalSection
	GlobalSection(ProjectConfigurationPlatforms) = postSolution
		{4FB94BC0-646F-4E97-BAAE-C8710B3C7B0C}.Debug|Any CPU.ActiveCfg = Debug|Any CPU
		{4FB94BC0-646F-4E97-BAAE-C8710B3C7B0C}.Debug|Any CPU.Build.0 = Debug|Any CPU
		{4FB94BC0-646F-4E97-BAAE-C8710B3C7B0C}.Debug|ARM.ActiveCfg = Debug|Any CPU
		{4FB94BC0-646F-4E97-BAAE-C8710B3C7B0C}.Debug|ARM.Build.0 = Debug|Any CPU
		{4FB94BC0-646F-4E97-BAAE-C8710B3C7B0C}.Debug|x64.ActiveCfg = Debug|Any CPU
		{4FB94BC0-646F-4E97-BAAE-C8710B3C7B0C}.Debug|x64.Build.0 = Debug|Any CPU
		{4FB94BC0-646F-4E97-BAAE-C8710B3C7B0C}.Debug|x86.ActiveCfg = Debug|Any CPU
		{4FB94BC0-646F-4E97-BAAE-C8710B3C7B0C}.Debug|x86.Build.0 = Debug|Any CPU
		{4FB94BC0-646F-4E97-BAAE-C8710B3C7B0C}.Release|Any CPU.ActiveCfg = Release|Any CPU
		{4FB94BC0-646F-4E97-BAAE-C8710B3C7B0C}.Release|Any CPU.Build.0 = Release|Any CPU
		{4FB94BC0-646F-4E97-BAAE-C8710B3C7B0C}.Release|ARM.ActiveCfg = Release|Any CPU
		{4FB94BC0-646F-4E97-BAAE-C8710B3C7B0C}.Release|ARM.Build.0 = Release|Any CPU
		{4FB94BC0-646F-4E97-BAAE-C8710B3C7B0C}.Release|x64.ActiveCfg = Release|Any CPU
		{4FB94BC0-646F-4E97-BAAE-C8710B3C7B0C}.Release|x64.Build.0 = Release|Any CPU
		{4FB94BC0-646F-4E97-BAAE-C8710B3C7B0C}.Release|x86.ActiveCfg = Release|Any CPU
		{4FB94BC0-646F-4E97-BAAE-C8710B3C7B0C}.Release|x86.Build.0 = Release|Any CPU
		{BBDB1737-D701-4A15-B33F-2BF50B2CC404}.Debug|Any CPU.ActiveCfg = Debug|Any CPU
		{BBDB1737-D701-4A15-B33F-2BF50B2CC404}.Debug|Any CPU.Build.0 = Debug|Any CPU
		{BBDB1737-D701-4A15-B33F-2BF50B2CC404}.Debug|ARM.ActiveCfg = Debug|Any CPU
		{BBDB1737-D701-4A15-B33F-2BF50B2CC404}.Debug|ARM.Build.0 = Debug|Any CPU
		{BBDB1737-D701-4A15-B33F-2BF50B2CC404}.Debug|x64.ActiveCfg = Debug|Any CPU
		{BBDB1737-D701-4A15-B33F-2BF50B2CC404}.Debug|x64.Build.0 = Debug|Any CPU
		{BBDB1737-D701-4A15-B33F-2BF50B2CC404}.Debug|x86.ActiveCfg = Debug|Any CPU
		{BBDB1737-D701-4A15-B33F-2BF50B2CC404}.Debug|x86.Build.0 = Debug|Any CPU
		{BBDB1737-D701-4A15-B33F-2BF50B2CC404}.Release|Any CPU.ActiveCfg = Release|Any CPU
		{BBDB1737-D701-4A15-B33F-2BF50B2CC404}.Release|Any CPU.Build.0 = Release|Any CPU
		{BBDB1737-D701-4A15-B33F-2BF50B2CC404}.Release|ARM.ActiveCfg = Release|Any CPU
		{BBDB1737-D701-4A15-B33F-2BF50B2CC404}.Release|ARM.Build.0 = Release|Any CPU
		{BBDB1737-D701-4A15-B33F-2BF50B2CC404}.Release|x64.ActiveCfg = Release|Any CPU
		{BBDB1737-D701-4A15-B33F-2BF50B2CC404}.Release|x64.Build.0 = Release|Any CPU
		{BBDB1737-D701-4A15-B33F-2BF50B2CC404}.Release|x86.ActiveCfg = Release|Any CPU
		{BBDB1737-D701-4A15-B33F-2BF50B2CC404}.Release|x86.Build.0 = Release|Any CPU
		{44E7CFA2-BD13-4E58-B394-BA581A9FED84}.Debug|Any CPU.ActiveCfg = Debug|Any CPU
		{44E7CFA2-BD13-4E58-B394-BA581A9FED84}.Debug|ARM.ActiveCfg = Debug|Any CPU
		{44E7CFA2-BD13-4E58-B394-BA581A9FED84}.Debug|x64.ActiveCfg = Debug|Any CPU
		{44E7CFA2-BD13-4E58-B394-BA581A9FED84}.Debug|x86.ActiveCfg = Debug|Any CPU
		{44E7CFA2-BD13-4E58-B394-BA581A9FED84}.Release|Any CPU.ActiveCfg = Release|Any CPU
		{44E7CFA2-BD13-4E58-B394-BA581A9FED84}.Release|ARM.ActiveCfg = Release|Any CPU
		{44E7CFA2-BD13-4E58-B394-BA581A9FED84}.Release|x64.ActiveCfg = Release|Any CPU
		{44E7CFA2-BD13-4E58-B394-BA581A9FED84}.Release|x86.ActiveCfg = Release|Any CPU
		{7633CBF7-3831-4446-A394-53B03ABCA8CD}.Debug|Any CPU.ActiveCfg = Debug|Any CPU
		{7633CBF7-3831-4446-A394-53B03ABCA8CD}.Debug|Any CPU.Build.0 = Debug|Any CPU
		{7633CBF7-3831-4446-A394-53B03ABCA8CD}.Debug|ARM.ActiveCfg = Debug|Any CPU
		{7633CBF7-3831-4446-A394-53B03ABCA8CD}.Debug|ARM.Build.0 = Debug|Any CPU
		{7633CBF7-3831-4446-A394-53B03ABCA8CD}.Debug|x64.ActiveCfg = Debug|Any CPU
		{7633CBF7-3831-4446-A394-53B03ABCA8CD}.Debug|x64.Build.0 = Debug|Any CPU
		{7633CBF7-3831-4446-A394-53B03ABCA8CD}.Debug|x86.ActiveCfg = Debug|Any CPU
		{7633CBF7-3831-4446-A394-53B03ABCA8CD}.Debug|x86.Build.0 = Debug|Any CPU
		{7633CBF7-3831-4446-A394-53B03ABCA8CD}.Release|Any CPU.ActiveCfg = Release|Any CPU
		{7633CBF7-3831-4446-A394-53B03ABCA8CD}.Release|Any CPU.Build.0 = Release|Any CPU
		{7633CBF7-3831-4446-A394-53B03ABCA8CD}.Release|ARM.ActiveCfg = Release|Any CPU
		{7633CBF7-3831-4446-A394-53B03ABCA8CD}.Release|ARM.Build.0 = Release|Any CPU
		{7633CBF7-3831-4446-A394-53B03ABCA8CD}.Release|x64.ActiveCfg = Release|Any CPU
		{7633CBF7-3831-4446-A394-53B03ABCA8CD}.Release|x64.Build.0 = Release|Any CPU
		{7633CBF7-3831-4446-A394-53B03ABCA8CD}.Release|x86.ActiveCfg = Release|Any CPU
		{7633CBF7-3831-4446-A394-53B03ABCA8CD}.Release|x86.Build.0 = Release|Any CPU
	EndGlobalSection
	GlobalSection(SolutionProperties) = preSolution
		HideSolutionNode = FALSE
	EndGlobalSection
EndGlobal
